<?xml version="1.0" encoding="utf-8"?>
<Project ToolsVersion="4.0" xmlns="http://schemas.microsoft.com/developer/msbuild/2003">
  <ItemGroup>
    <Filter Include="Quelldateien">
      <UniqueIdentifier>{4FC737F1-C7A5-4376-A066-2A32D752A2FF}</UniqueIdentifier>
      <Extensions>cpp;c;cc;cxx;c++;cppm;ixx;def;odl;idl;hpj;bat;asm;asmx</Extensions>
    </Filter>
    <Filter Include="Headerdateien">
      <UniqueIdentifier>{93995380-89BD-4b04-88EB-625FBE52EBFB}</UniqueIdentifier>
      <Extensions>h;hh;hpp;hxx;h++;hm;inl;inc;ipp;xsd</Extensions>
    </Filter>
    <Filter Include="Ressourcendateien">
      <UniqueIdentifier>{67DA6AB6-F800-4c08-8B7A-83BB121AAD01}</UniqueIdentifier>
      <Extensions>rc;ico;cur;bmp;dlg;rc2;rct;bin;rgs;gif;jpg;jpeg;jpe;resx;tiff;tif;png;wav;mfcribbon-ms</Extensions>
    </Filter>
    <Filter Include="Xhtml">
      <UniqueIdentifier>{67911c62-cbcb-4d7b-a354-6a34f7f99599}</UniqueIdentifier>
    </Filter>
    <Filter Include="Xhtml\Renderers">
      <UniqueIdentifier>{75f88056-cb2a-4b8b-bec3-f98c054dadcc}</UniqueIdentifier>
    </Filter>
    <Filter Include="Xhtml\Widgets">
      <UniqueIdentifier>{bd34036e-92b3-4a01-ab25-e0ef22e56d10}</UniqueIdentifier>
    </Filter>
    <Filter Include="Xhtml\Dom">
      <UniqueIdentifier>{7fb833b7-e4ea-4f11-847f-fdf8362cb077}</UniqueIdentifier>
    </Filter>
  </ItemGroup>
  <ItemGroup>
    <ClCompile Include="dllmain.cpp">
      <Filter>Quelldateien</Filter>
    </ClCompile>
    <ClCompile Include="src\Xhtml\Renderers\FormattedTextRenderer.cpp">
      <Filter>Xhtml\Renderers</Filter>
    </ClCompile>
    <ClCompile Include="src\Xhtml\Widgets\FormattedTextView.cpp">
      <Filter>Xhtml\Widgets</Filter>
    </ClCompile>
    <ClCompile Include="src\Xhtml\Dom\XhtmlAttributes.cpp">
      <Filter>Xhtml\Dom</Filter>
    </ClCompile>
    <ClCompile Include="src\Xhtml\Dom\XhtmlElements.cpp">
      <Filter>Xhtml\Dom</Filter>
    </ClCompile>
    <ClCompile Include="src\Xhtml\Dom\XhtmlEntityResolver.cpp">
      <Filter>Xhtml\Dom</Filter>
    </ClCompile>
    <ClCompile Include="src\Xhtml\Dom\XhtmlParser.cpp">
      <Filter>Xhtml\Dom</Filter>
    </ClCompile>
    <ClCompile Include="src\Xhtml\MarkupLanguageElement.cpp">
      <Filter>Xhtml</Filter>
    </ClCompile>
    <ClCompile Include="src\Xhtml\StringHelper.cpp">
      <Filter>Xhtml</Filter>
    </ClCompile>
    <ClCompile Include="src\Xhtml\UtfHelper.cpp">
      <Filter>Xhtml</Filter>
    </ClCompile>
    <ClCompile Include="src\Xhtml\Widgets\FormattedXhtmlDocument.cpp">
      <Filter>Xhtml\Widgets</Filter>
    </ClCompile>
    <ClCompile Include="src\Xhtml\Widgets\FormattedDocument.cpp">
      <Filter>Xhtml\Widgets</Filter>
    </ClCompile>
  </ItemGroup>
  <ItemGroup>
    <ClInclude Include="include\TGUI\Xhtml\Renderers\FormattedTextRenderer.hpp">
      <Filter>Xhtml\Renderers</Filter>
    </ClInclude>
    <ClInclude Include="include\TGUI\Xhtml\Widgets\FormattedElements.hpp">
      <Filter>Xhtml\Widgets</Filter>
    </ClInclude>
    <ClInclude Include="include\TGUI\Xhtml\Widgets\FormattedTextView.hpp">
      <Filter>Xhtml\Widgets</Filter>
    </ClInclude>
    <ClInclude Include="include\TGUI\Xhtml\Dom\XhtmlAttributes.hpp">
      <Filter>Xhtml\Dom</Filter>
    </ClInclude>
    <ClInclude Include="include\TGUI\Xhtml\Dom\XhtmlElements.hpp">
      <Filter>Xhtml\Dom</Filter>
    </ClInclude>
    <ClInclude Include="include\TGUI\Xhtml\Dom\XhtmlEntityResolver.hpp">
      <Filter>Xhtml\Dom</Filter>
    </ClInclude>
    <ClInclude Include="include\TGUI\Xhtml\Dom\XhtmlParser.hpp">
      <Filter>Xhtml\Dom</Filter>
    </ClInclude>
    <ClInclude Include="include\TGUI\Xhtml\MarkupLanguageElement.hpp">
      <Filter>Xhtml</Filter>
    </ClInclude>
    <ClInclude Include="include\TGUI\Xhtml\StringHelper.hpp">
      <Filter>Xhtml</Filter>
    </ClInclude>
    <ClInclude Include="include\TGUI\Xhtml\UtfHelper.hpp">
      <Filter>Xhtml</Filter>
    </ClInclude>
    <ClInclude Include="include\TGUI\Xhtml\Widgets\FormattedDocument.hpp">
      <Filter>Xhtml\Widgets</Filter>
    </ClInclude>
    <ClInclude Include="include\TGUI\Xhtml\Widgets\FormattedXhtmlDocument.hpp">
      <Filter>Xhtml\Widgets</Filter>
    </ClInclude>
    <ClInclude Include="include\TGUI\Xhtml\MarkupBorderStyle.hpp">
      <Filter>Xhtml</Filter>
    </ClInclude>
    <ClInclude Include="include\TGUI\Xhtml\MarkupListItemType.hpp">
      <Filter>Xhtml</Filter>
    </ClInclude>
    <ClInclude Include="include\TGUI\Xhtml\MarkupSizeType.hpp">
      <Filter>Xhtml</Filter>
    </ClInclude>
  </ItemGroup>
</Project>