<?xml version="1.0" encoding="UTF-8" standalone="yes" ?>
<CodeBlocks_project_file>
	<FileVersion major="1" minor="6" />
	<Project>
		<Option title="XHTMLViewerTGUI" />
		<Option pch_mode="2" />
		<Option compiler="gcc" />
		<Build>
			<Target title="Debug">
				<Option output="bin/Debug/XHTMLViewerTGUI" prefix_auto="1" extension_auto="1" />
				<Option object_output="obj/Debug/" />
				<Option type="1" />
				<Option compiler="gcc" />
				<Compiler>
					<Add option="-g" />
					<Add option="-D_DEBUG" />
				</Compiler>
				<Linker>
					<Add library="libtgui-d" />
				</Linker>
			</Target>
			<Target title="Release">
				<Option output="bin/Release/XHTMLViewerTGUI" prefix_auto="1" extension_auto="1" />
				<Option object_output="obj/Release/" />
				<Option type="1" />
				<Option compiler="gcc" />
				<Compiler>
					<Add option="-O2" />
				</Compiler>
				<Linker>
					<Add option="-s" />
					<Add library="libtgui" />
				</Linker>
			</Target>
		</Build>
		<Compiler>
			<Add option="-Wall" />
			<Add directory="/home/steffen/Projects/CodeBlocks/TGUI-XHTML/include" />
		</Compiler>
		<Linker>
			<Add library="sfml-graphics" />
			<Add library="sfml-window" />
			<Add library="sfml-system" />
		</Linker>
		<Unit filename="../include/TGUI/Xhtml/Dom/XhtmlAttributes.hpp" />
		<Unit filename="../include/TGUI/Xhtml/Dom/XhtmlElements.hpp" />
		<Unit filename="../include/TGUI/Xhtml/Dom/XhtmlEntityResolver.hpp" />
		<Unit filename="../include/TGUI/Xhtml/Dom/XhtmlParser.hpp" />
		<Unit filename="../include/TGUI/Xhtml/MarkupLanguageElement.hpp" />
		<Unit filename="../include/TGUI/Xhtml/Renderers/FormattedTextRenderer.hpp" />
		<Unit filename="../include/TGUI/Xhtml/StringHelper.hpp" />
		<Unit filename="../include/TGUI/Xhtml/UtfHelper.hpp" />
		<Unit filename="../include/TGUI/Xhtml/Widgets/FormattedElements.hpp" />
		<Unit filename="../include/TGUI/Xhtml/Widgets/FormattedTextDocument.hpp" />
		<Unit filename="../include/TGUI/Xhtml/Widgets/FormattedTextView.hpp" />
		<Unit filename="../include/TGUI/Xhtml/Widgets/FormattedTextXhtmlDocument.hpp" />
		<Unit filename="../src/Xhtml/Dom/XhtmlAttributes.cpp" />
		<Unit filename="../src/Xhtml/Dom/XhtmlElements.cpp" />
		<Unit filename="../src/Xhtml/Dom/XhtmlEntityResolver.cpp" />
		<Unit filename="../src/Xhtml/Dom/XhtmlParser.cpp" />
		<Unit filename="../src/Xhtml/MarkupLanguageElement.cpp" />
		<Unit filename="../src/Xhtml/Renderers/FormattedTextRenderer.cpp" />
		<Unit filename="../src/Xhtml/StringHelper.cpp" />
		<Unit filename="../src/Xhtml/UtfHelper.cpp" />
		<Unit filename="../src/Xhtml/Widgets/FormattedElements.cpp" />
		<Unit filename="../src/Xhtml/Widgets/FormattedTextView.cpp" />
		<Unit filename="../src/Xhtml/Widgets/FormattedTextXhtmlDocument.cpp" />
		<Unit filename="main.cpp" />
		<Extensions>
			<lib_finder disable_auto="1" />
		</Extensions>
	</Project>
</CodeBlocks_project_file>
